
Microsoft Visual Studio Solution File, Format Version 11.00
# Visual Studio 2010
Project("{FAE04EC0-301F-11D3-BF4B-00C04F79EFBC}") = "AR Testing", "Assembly-CSharp.csproj", "{A5F184BE-3D9C-4906-4D4A-A97994450F6F}"
EndProject
Project("{FAE04EC0-301F-11D3-BF4B-00C04F79EFBC}") = "AR Testing", "Assembly-CSharp-Editor.csproj", "{EBF271DB-AA5E-184D-384E-735D458D1393}"
EndProject
Global
	GlobalSection(SolutionConfigurationPlatforms) = preSolution
		Debug|Any CPU = Debug|Any CPU
		Release|Any CPU = Release|Any CPU
	EndGlobalSection
	GlobalSection(ProjectConfigurationPlatforms) = postSolution
		{A5F184BE-3D9C-4906-4D4A-A97994450F6F}.Debug|Any CPU.ActiveCfg = Debug|Any CPU
		{A5F184BE-3D9C-4906-4D4A-A97994450F6F}.Debug|Any CPU.Build.0 = Debug|Any CPU
		{A5F184BE-3D9C-4906-4D4A-A97994450F6F}.Release|Any CPU.ActiveCfg = Release|Any CPU
		{A5F184BE-3D9C-4906-4D4A-A97994450F6F}.Release|Any CPU.Build.0 = Release|Any CPU
		{EBF271DB-AA5E-184D-384E-735D458D1393}.Debug|Any CPU.ActiveCfg = Debug|Any CPU
		{EBF271DB-AA5E-184D-384E-735D458D1393}.Debug|Any CPU.Build.0 = Debug|Any CPU
		{EBF271DB-AA5E-184D-384E-735D458D1393}.Release|Any CPU.ActiveCfg = Release|Any CPU
		{EBF271DB-AA5E-184D-384E-735D458D1393}.Release|Any CPU.Build.0 = Release|Any CPU
	EndGlobalSection
	GlobalSection(SolutionProperties) = preSolution
		HideSolutionNode = FALSE
	EndGlobalSection
	GlobalSection(MonoDevelopProperties) = preSolution
		StartupItem = Assembly-CSharp.csproj
	EndGlobalSection
EndGlobal
